
Microsoft Visual Studio Solution File, Format Version 12.00
# Visual Studio Version 16
VisualStudioVersion = 16.0.30320.27
MinimumVisualStudioVersion = 10.0.40219.1
Project("{FAE04EC0-301F-11D3-BF4B-00C04F79EFBC}") = "AspNetProject", "AspNetProject\AspNetProject.csproj", "{B1BA7EFF-3EC6-4682-B0C7-1AECFA63CBE4}"
EndProject
Global
	GlobalSection(SolutionConfigurationPlatforms) = preSolution
		Debug|Any CPU = Debug|Any CPU
		Release|Any CPU = Release|Any CPU
	EndGlobalSection
	GlobalSection(ProjectConfigurationPlatforms) = postSolution
		{B1BA7EFF-3EC6-4682-B0C7-1AECFA63CBE4}.Debug|Any CPU.ActiveCfg = Debug|Any CPU
		{B1BA7EFF-3EC6-4682-B0C7-1AECFA63CBE4}.Debug|Any CPU.Build.0 = Debug|Any CPU
		{B1BA7EFF-3EC6-4682-B0C7-1AECFA63CBE4}.Release|Any CPU.ActiveCfg = Release|Any CPU
		{B1BA7EFF-3EC6-4682-B0C7-1AECFA63CBE4}.Release|Any CPU.Build.0 = Release|Any CPU
	EndGlobalSection
	GlobalSection(SolutionProperties) = preSolution
		HideSolutionNode = FALSE
	EndGlobalSection
	GlobalSection(ExtensibilityGlobals) = postSolution
		SolutionGuid = {54DBE4C1-3A79-436A-B5C8-CCA9A201379A}
	EndGlobalSection
EndGlobal
